
Microsoft Visual Studio Solution File, Format Version 12.00
# Visual Studio Version 17
VisualStudioVersion = 17.9.34607.119
MinimumVisualStudioVersion = 10.0.40219.1
Project("{FAE04EC0-301F-11D3-BF4B-00C04F79EFBC}") = "TapeHubDemo", "TapeHubDemo\TapeHubDemo.csproj", "{9B09B3B8-EDE2-43C1-979C-D18A66B8E873}"
EndProject
Global
	GlobalSection(SolutionConfigurationPlatforms) = preSolution
		Debug|Any CPU = Debug|Any CPU
		Release|Any CPU = Release|Any CPU
	EndGlobalSection
	GlobalSection(ProjectConfigurationPlatforms) = postSolution
		{9B09B3B8-EDE2-43C1-979C-D18A66B8E873}.Debug|Any CPU.ActiveCfg = Debug|Any CPU
		{9B09B3B8-EDE2-43C1-979C-D18A66B8E873}.Debug|Any CPU.Build.0 = Debug|Any CPU
		{9B09B3B8-EDE2-43C1-979C-D18A66B8E873}.Debug|Any CPU.Deploy.0 = Debug|Any CPU
		{9B09B3B8-EDE2-43C1-979C-D18A66B8E873}.Release|Any CPU.ActiveCfg = Release|Any CPU
		{9B09B3B8-EDE2-43C1-979C-D18A66B8E873}.Release|Any CPU.Build.0 = Release|Any CPU
		{9B09B3B8-EDE2-43C1-979C-D18A66B8E873}.Release|Any CPU.Deploy.0 = Release|Any CPU
	EndGlobalSection
	GlobalSection(SolutionProperties) = preSolution
		HideSolutionNode = FALSE
	EndGlobalSection
	GlobalSection(ExtensibilityGlobals) = postSolution
		SolutionGuid = {8013A35D-69C1-4EB7-B2DE-8A1C105B4045}
	EndGlobalSection
EndGlobal
